
Microsoft Visual Studio Solution File, Format Version 12.00
Project("{FAE04EC0-301F-11D3-BF4B-00C04F79EFBC}") = "krsti", "krsti.csproj", "{5EDE2321-988E-4820-B936-BDDF9B3C246E}"
EndProject
Global
	GlobalSection(SolutionConfigurationPlatforms) = preSolution
		Debug|Any CPU = Debug|Any CPU
		Release|Any CPU = Release|Any CPU
	EndGlobalSection
	GlobalSection(ProjectConfigurationPlatforms) = postSolution
		{5EDE2321-988E-4820-B936-BDDF9B3C246E}.Debug|Any CPU.ActiveCfg = Debug|Any CPU
		{5EDE2321-988E-4820-B936-BDDF9B3C246E}.Debug|Any CPU.Build.0 = Debug|Any CPU
		{5EDE2321-988E-4820-B936-BDDF9B3C246E}.Release|Any CPU.ActiveCfg = Release|Any CPU
		{5EDE2321-988E-4820-B936-BDDF9B3C246E}.Release|Any CPU.Build.0 = Release|Any CPU
	EndGlobalSection
EndGlobal
