
Microsoft Visual Studio Solution File, Format Version 12.00
# Visual Studio Version 17
VisualStudioVersion = 17.4.33213.308
MinimumVisualStudioVersion = 10.0.40219.1
Project("{888888A0-9F3D-457C-B088-3A5042F75D52}") = "Aerora", "Aerora\Aerora.pyproj", "{F21E3124-B716-46B3-AFF8-1F5673A6F83F}"
EndProject
Global
	GlobalSection(SolutionConfigurationPlatforms) = preSolution
		Debug|Any CPU = Debug|Any CPU
		Release|Any CPU = Release|Any CPU
	EndGlobalSection
	GlobalSection(ProjectConfigurationPlatforms) = postSolution
		{F21E3124-B716-46B3-AFF8-1F5673A6F83F}.Debug|Any CPU.ActiveCfg = Debug|Any CPU
		{F21E3124-B716-46B3-AFF8-1F5673A6F83F}.Release|Any CPU.ActiveCfg = Release|Any CPU
	EndGlobalSection
	GlobalSection(SolutionProperties) = preSolution
		HideSolutionNode = FALSE
	EndGlobalSection
	GlobalSection(ExtensibilityGlobals) = postSolution
		SolutionGuid = {0CA7A62C-B0B1-433B-B37A-DD3AA0C08B3E}
	EndGlobalSection
EndGlobal
